# THIS IS AN AUTOGENERATED FILE. DO NOT EDIT THIS FILE DIRECTLY.
# yarn lockfile v1


"@react-native-community/async-storage@^1.12.0":
  version "1.12.0"
  resolved "https://registry.yarnpkg.com/@react-native-community/async-storage/-/async-storage-1.12.0.tgz#d2fc65bc08aa1c3e9514bbe9fe7095eab8e8aca3"
  integrity sha512-y3zVxuVyiOxI8TXrvajmYfDbIt2vFNxzV5MiA28v15DQTxDk6uJH3rpc9my+la7u2Tiwt3PpdU2+59ZgZ4h7wA==
  dependencies:
    deep-assign "^3.0.0"

"@types/uuid@8.0.0":
  version "8.0.0"
  resolved "https://registry.yarnpkg.com/@types/uuid/-/uuid-8.0.0.tgz#165aae4819ad2174a17476dbe66feebd549556c0"
  integrity sha512-xSQfNcvOiE5f9dyd4Kzxbof1aTrLobL278pGLKOZI6esGfZ7ts9Ka16CzIN6Y8hFHE1C7jIBZokULhK1bOgjRw==

axios@^0.21.1:
  version "0.21.1"
  resolved "https://registry.yarnpkg.com/axios/-/axios-0.21.1.tgz#22563481962f4d6bde9a76d516ef0e5d3c09b2b8"
  integrity sha512-dKQiRHxGD9PPRIUNIWvZhPTPpl1rf/OxTYKsqKUDjBwYylTvV7SjSHJb9ratfyzM6wCdLCOYLzs73qpg5c4iGA==
  dependencies:
    follow-redirects "^1.10.0"

deep-assign@^3.0.0:
  version "3.0.0"
  resolved "https://registry.yarnpkg.com/deep-assign/-/deep-assign-3.0.0.tgz#c8e4c4d401cba25550a2f0f486a2e75bc5f219a2"
  integrity sha512-YX2i9XjJ7h5q/aQ/IM9PEwEnDqETAIYbggmdDB3HLTlSgo1CxPsj6pvhPG68rq6SVE0+p+6Ywsm5fTYNrYtBWw==
  dependencies:
    is-obj "^1.0.0"

follow-redirects@^1.10.0:
  version "1.13.1"
  resolved "https://registry.yarnpkg.com/follow-redirects/-/follow-redirects-1.13.1.tgz#5f69b813376cee4fd0474a3aba835df04ab763b7"
  integrity sha512-SSG5xmZh1mkPGyKzjZP8zLjltIfpW32Y5QpdNJyjcfGxK3qo3NDDkZOZSFiGn1A6SclQxY9GzEwAHQ3dmYRWpg==

is-obj@^1.0.0:
  version "1.0.1"
  resolved "https://registry.yarnpkg.com/is-obj/-/is-obj-1.0.1.tgz#3e4729ac1f5fde025cd7d83a896dab9f4f67db0f"
  integrity sha1-PkcprB9f3gJc19g6iW2rn09n2w8=

uuid@8.2.0:
  version "8.2.0"
  resolved "https://registry.yarnpkg.com/uuid/-/uuid-8.2.0.tgz#cb10dd6b118e2dada7d0cd9730ba7417c93d920e"
  integrity sha512-CYpGiFTUrmI6OBMkAdjSDM0k5h8SkkiTP4WAjQgDgNB1S3Ou9VBEvr6q0Kv2H1mMk7IWfxYGpMH5sd5AvcIV2Q==

uuidv4@^6.2.0:
  version "6.2.0"
  resolved "https://registry.yarnpkg.com/uuidv4/-/uuidv4-6.2.0.tgz#4895bd5ae52e45fa18d9f79d55ba8d905a6bb468"
  integrity sha512-zVCpLVDnxHkahCcu7Ul6HYrTm8+d6qrV/KChdQl52G2w1+GRiUX4jzSNsPX1cTb6aUm4thqccS7jl12AUOxZUQ==
  dependencies:
    "@types/uuid" "8.0.0"
    uuid "8.2.0"
